
Microsoft Visual Studio Solution File, Format Version 12.00
# Visual Studio 15
VisualStudioVersion = 15.0.27130.2026
MinimumVisualStudioVersion = 10.0.40219.1
Project("{9A19103F-16F7-4668-BE54-9A1E7A4F7556}") = "Agni", "Agni\Agni.csproj", "{17D7250B-7ADA-4652-B9C7-28EEED9E1C02}"
EndProject
Project("{9A19103F-16F7-4668-BE54-9A1E7A4F7556}") = "Agni.Social", "Agni.Social\Agni.Social.csproj", "{6B91A6A4-63F2-49AE-980A-F2881C18ABD2}"
EndProject
Project("{2150E333-8FDC-42A3-9474-1A3956D46DE8}") = "providers", "providers", "{52FB930A-6F2D-4C4B-93EA-AA4E7F028FE2}"
EndProject
Project("{2150E333-8FDC-42A3-9474-1A3956D46DE8}") = "runtimes", "runtimes", "{56CB4125-853A-41AA-8694-FF5825ED38DC}"
EndProject
Project("{2150E333-8FDC-42A3-9474-1A3956D46DE8}") = "testing", "testing", "{1F950019-9D7C-4350-9CC7-6A7BD5C6045F}"
EndProject
Project("{9A19103F-16F7-4668-BE54-9A1E7A4F7556}") = "Agni.MongoDB", "providers\Agni.MongoDB\Agni.MongoDB.csproj", "{6C72ADF9-6D46-4210-8EBA-0EE29F304C93}"
EndProject
Project("{9A19103F-16F7-4668-BE54-9A1E7A4F7556}") = "Agni.MongoDB.Social", "providers\Agni.MongoDB.Social\Agni.MongoDB.Social.csproj", "{086A5116-C486-4F53-9EA2-059DEEEF99DF}"
EndProject
Project("{2150E333-8FDC-42A3-9474-1A3956D46DE8}") = "core", "core", "{452CB31D-112C-46A5-B8D3-697A87269F49}"
EndProject
Project("{2150E333-8FDC-42A3-9474-1A3956D46DE8}") = "netf", "netf", "{A125910D-AA21-4CF6-9E22-82C53139B37F}"
EndProject
Project("{9A19103F-16F7-4668-BE54-9A1E7A4F7556}") = "agm", "runtimes\core\agm\agm.csproj", "{21644B84-6364-42E3-B186-A38EDE6A76A3}"
EndProject
Project("{9A19103F-16F7-4668-BE54-9A1E7A4F7556}") = "amm", "runtimes\core\amm\amm.csproj", "{08C5CBAD-C753-41E8-A7F1-FB9AE9840914}"
EndProject
Project("{9A19103F-16F7-4668-BE54-9A1E7A4F7556}") = "ascon", "runtimes\core\ascon\ascon.csproj", "{9DBE2A38-4874-4452-B455-63451B449F39}"
EndProject
Project("{9A19103F-16F7-4668-BE54-9A1E7A4F7556}") = "agdida", "runtimes\core\agdida\agdida.csproj", "{40E42D8E-9CAE-4455-B1FD-3A03BD4F6CA6}"
EndProject
Project("{9A19103F-16F7-4668-BE54-9A1E7A4F7556}") = "ahgov", "runtimes\core\ahgov\ahgov.csproj", "{41E5AB47-06E2-45DA-B62A-99A180BF7172}"
EndProject
Project("{9A19103F-16F7-4668-BE54-9A1E7A4F7556}") = "aph", "runtimes\core\aph\aph.csproj", "{5367AC82-5026-4F5C-B0D6-96E042A43F3A}"
EndProject
Project("{9A19103F-16F7-4668-BE54-9A1E7A4F7556}") = "ard", "runtimes\core\ard\ard.csproj", "{61DDB43A-8404-4A70-9FFE-EB53CFD98D5B}"
EndProject
Project("{9A19103F-16F7-4668-BE54-9A1E7A4F7556}") = "ash", "runtimes\core\ash\ash.csproj", "{B968ED98-19D1-497C-A80A-12DAE15480B6}"
EndProject
Project("{9A19103F-16F7-4668-BE54-9A1E7A4F7556}") = "aws", "runtimes\core\aws\aws.csproj", "{5E3DA608-1AE1-436C-A8B1-4ED92C469A46}"
EndProject
Project("{9A19103F-16F7-4668-BE54-9A1E7A4F7556}") = "azgov", "runtimes\core\azgov\azgov.csproj", "{07169EA4-639B-4F86-9BFB-E79956B68095}"
EndProject
Project("{FAE04EC0-301F-11D3-BF4B-00C04F79EFBC}") = "agdida", "runtimes\netf\agdida\agdida.csproj", "{5EFB7F95-37D5-4B7C-B630-26558B1D0DE7}"
EndProject
Project("{FAE04EC0-301F-11D3-BF4B-00C04F79EFBC}") = "agm", "runtimes\netf\agm\agm.csproj", "{B66BD08F-DC27-4650-ADAF-2F6F65F38C22}"
EndProject
Project("{FAE04EC0-301F-11D3-BF4B-00C04F79EFBC}") = "ahgov", "runtimes\netf\ahgov\ahgov.csproj", "{DEAC858D-E4F1-4CD5-9DF7-F2042E7E9B98}"
EndProject
Project("{FAE04EC0-301F-11D3-BF4B-00C04F79EFBC}") = "amm", "runtimes\netf\amm\amm.csproj", "{98DB4FA8-8EBA-469E-85E5-D52F0567DD13}"
EndProject
Project("{FAE04EC0-301F-11D3-BF4B-00C04F79EFBC}") = "aph", "runtimes\netf\aph\aph.csproj", "{E92205C1-92D2-482C-AB8E-561FE3D02DBC}"
EndProject
Project("{FAE04EC0-301F-11D3-BF4B-00C04F79EFBC}") = "ard", "runtimes\netf\ard\ard.csproj", "{5B9B2EAC-2163-45AB-BFC0-FD103B8A1C62}"
EndProject
Project("{FAE04EC0-301F-11D3-BF4B-00C04F79EFBC}") = "ascon", "runtimes\netf\ascon\ascon.csproj", "{3E07A5F9-208A-422E-B19B-845CB0076450}"
EndProject
Project("{FAE04EC0-301F-11D3-BF4B-00C04F79EFBC}") = "ash", "runtimes\netf\ash\ash.csproj", "{DDBCC7BB-2093-4061-BF7B-08968D1E4188}"
EndProject
Project("{FAE04EC0-301F-11D3-BF4B-00C04F79EFBC}") = "aws", "runtimes\netf\aws\aws.csproj", "{55932839-B2A8-4C47-9B60-E7D5B87541F3}"
EndProject
Project("{FAE04EC0-301F-11D3-BF4B-00C04F79EFBC}") = "azgov", "runtimes\netf\azgov\azgov.csproj", "{8F2F1B06-6EE2-4E5F-BC2C-D51132C31E52}"
EndProject
Project("{9A19103F-16F7-4668-BE54-9A1E7A4F7556}") = "Agni.UTest", "testing\Agni.UTest\Agni.UTest.csproj", "{4E256C61-C6EA-4EFA-847C-8D87C4E133B4}"
EndProject
Project("{9A19103F-16F7-4668-BE54-9A1E7A4F7556}") = "Agni.Demo", "testing\Agni.Demo\Agni.Demo.csproj", "{70CDF6C1-277B-4660-9558-B08F4C225435}"
EndProject
Project("{FAE04EC0-301F-11D3-BF4B-00C04F79EFBC}") = "WinFormsTest", "runtimes\netf\WinFormsTest\WinFormsTest.csproj", "{A8804D26-AFE7-4FBB-95D1-C356D8BA9CCC}"
EndProject
Project("{FAE04EC0-301F-11D3-BF4B-00C04F79EFBC}") = "Agnivo", "runtimes\netf\Agnivo\Agnivo.csproj", "{3BC3CB1E-4DE8-4A2A-B1C8-3EF29EDC0F04}"
EndProject
Project("{9A19103F-16F7-4668-BE54-9A1E7A4F7556}") = "atoy", "runtimes\core\atoy\atoy.csproj", "{4A5EE882-755F-4E7F-9ED4-A126B33F6355}"
EndProject
Project("{FAE04EC0-301F-11D3-BF4B-00C04F79EFBC}") = "atoy", "runtimes\netf\atoy\atoy.csproj", "{A2056273-7639-46CE-BD67-532B60B4A850}"
EndProject
Project("{FAE04EC0-301F-11D3-BF4B-00C04F79EFBC}") = "atrun", "runtimes\core\atrun\atrun.csproj", "{B3C93393-F582-4C5C-8A37-2E7095995BD5}"
EndProject
Project("{FAE04EC0-301F-11D3-BF4B-00C04F79EFBC}") = "atrun", "runtimes\netf\atrun\atrun.csproj", "{BE837253-69E9-4EA6-8378-064EC9D0F9F1}"
EndProject
Global
	GlobalSection(SolutionConfigurationPlatforms) = preSolution
		Debug|Any CPU = Debug|Any CPU
		Release|Any CPU = Release|Any CPU
	EndGlobalSection
	GlobalSection(ProjectConfigurationPlatforms) = postSolution
		{17D7250B-7ADA-4652-B9C7-28EEED9E1C02}.Debug|Any CPU.ActiveCfg = Debug|Any CPU
		{17D7250B-7ADA-4652-B9C7-28EEED9E1C02}.Debug|Any CPU.Build.0 = Debug|Any CPU
		{17D7250B-7ADA-4652-B9C7-28EEED9E1C02}.Release|Any CPU.ActiveCfg = Release|Any CPU
		{17D7250B-7ADA-4652-B9C7-28EEED9E1C02}.Release|Any CPU.Build.0 = Release|Any CPU
		{6B91A6A4-63F2-49AE-980A-F2881C18ABD2}.Debug|Any CPU.ActiveCfg = Debug|Any CPU
		{6B91A6A4-63F2-49AE-980A-F2881C18ABD2}.Debug|Any CPU.Build.0 = Debug|Any CPU
		{6B91A6A4-63F2-49AE-980A-F2881C18ABD2}.Release|Any CPU.ActiveCfg = Release|Any CPU
		{6B91A6A4-63F2-49AE-980A-F2881C18ABD2}.Release|Any CPU.Build.0 = Release|Any CPU
		{6C72ADF9-6D46-4210-8EBA-0EE29F304C93}.Debug|Any CPU.ActiveCfg = Debug|Any CPU
		{6C72ADF9-6D46-4210-8EBA-0EE29F304C93}.Debug|Any CPU.Build.0 = Debug|Any CPU
		{6C72ADF9-6D46-4210-8EBA-0EE29F304C93}.Release|Any CPU.ActiveCfg = Release|Any CPU
		{6C72ADF9-6D46-4210-8EBA-0EE29F304C93}.Release|Any CPU.Build.0 = Release|Any CPU
		{086A5116-C486-4F53-9EA2-059DEEEF99DF}.Debug|Any CPU.ActiveCfg = Debug|Any CPU
		{086A5116-C486-4F53-9EA2-059DEEEF99DF}.Debug|Any CPU.Build.0 = Debug|Any CPU
		{086A5116-C486-4F53-9EA2-059DEEEF99DF}.Release|Any CPU.ActiveCfg = Release|Any CPU
		{086A5116-C486-4F53-9EA2-059DEEEF99DF}.Release|Any CPU.Build.0 = Release|Any CPU
		{21644B84-6364-42E3-B186-A38EDE6A76A3}.Debug|Any CPU.ActiveCfg = Debug|Any CPU
		{21644B84-6364-42E3-B186-A38EDE6A76A3}.Debug|Any CPU.Build.0 = Debug|Any CPU
		{21644B84-6364-42E3-B186-A38EDE6A76A3}.Release|Any CPU.ActiveCfg = Release|Any CPU
		{21644B84-6364-42E3-B186-A38EDE6A76A3}.Release|Any CPU.Build.0 = Release|Any CPU
		{08C5CBAD-C753-41E8-A7F1-FB9AE9840914}.Debug|Any CPU.ActiveCfg = Debug|Any CPU
		{08C5CBAD-C753-41E8-A7F1-FB9AE9840914}.Debug|Any CPU.Build.0 = Debug|Any CPU
		{08C5CBAD-C753-41E8-A7F1-FB9AE9840914}.Release|Any CPU.ActiveCfg = Release|Any CPU
		{08C5CBAD-C753-41E8-A7F1-FB9AE9840914}.Release|Any CPU.Build.0 = Release|Any CPU
		{9DBE2A38-4874-4452-B455-63451B449F39}.Debug|Any CPU.ActiveCfg = Debug|Any CPU
		{9DBE2A38-4874-4452-B455-63451B449F39}.Debug|Any CPU.Build.0 = Debug|Any CPU
		{9DBE2A38-4874-4452-B455-63451B449F39}.Release|Any CPU.ActiveCfg = Release|Any CPU
		{9DBE2A38-4874-4452-B455-63451B449F39}.Release|Any CPU.Build.0 = Release|Any CPU
		{40E42D8E-9CAE-4455-B1FD-3A03BD4F6CA6}.Debug|Any CPU.ActiveCfg = Debug|Any CPU
		{40E42D8E-9CAE-4455-B1FD-3A03BD4F6CA6}.Debug|Any CPU.Build.0 = Debug|Any CPU
		{40E42D8E-9CAE-4455-B1FD-3A03BD4F6CA6}.Release|Any CPU.ActiveCfg = Release|Any CPU
		{40E42D8E-9CAE-4455-B1FD-3A03BD4F6CA6}.Release|Any CPU.Build.0 = Release|Any CPU
		{41E5AB47-06E2-45DA-B62A-99A180BF7172}.Debug|Any CPU.ActiveCfg = Debug|Any CPU
		{41E5AB47-06E2-45DA-B62A-99A180BF7172}.Debug|Any CPU.Build.0 = Debug|Any CPU
		{41E5AB47-06E2-45DA-B62A-99A180BF7172}.Release|Any CPU.ActiveCfg = Release|Any CPU
		{41E5AB47-06E2-45DA-B62A-99A180BF7172}.Release|Any CPU.Build.0 = Release|Any CPU
		{5367AC82-5026-4F5C-B0D6-96E042A43F3A}.Debug|Any CPU.ActiveCfg = Debug|Any CPU
		{5367AC82-5026-4F5C-B0D6-96E042A43F3A}.Debug|Any CPU.Build.0 = Debug|Any CPU
		{5367AC82-5026-4F5C-B0D6-96E042A43F3A}.Release|Any CPU.ActiveCfg = Release|Any CPU
		{5367AC82-5026-4F5C-B0D6-96E042A43F3A}.Release|Any CPU.Build.0 = Release|Any CPU
		{61DDB43A-8404-4A70-9FFE-EB53CFD98D5B}.Debug|Any CPU.ActiveCfg = Debug|Any CPU
		{61DDB43A-8404-4A70-9FFE-EB53CFD98D5B}.Debug|Any CPU.Build.0 = Debug|Any CPU
		{61DDB43A-8404-4A70-9FFE-EB53CFD98D5B}.Release|Any CPU.ActiveCfg = Release|Any CPU
		{61DDB43A-8404-4A70-9FFE-EB53CFD98D5B}.Release|Any CPU.Build.0 = Release|Any CPU
		{B968ED98-19D1-497C-A80A-12DAE15480B6}.Debug|Any CPU.ActiveCfg = Debug|Any CPU
		{B968ED98-19D1-497C-A80A-12DAE15480B6}.Debug|Any CPU.Build.0 = Debug|Any CPU
		{B968ED98-19D1-497C-A80A-12DAE15480B6}.Release|Any CPU.ActiveCfg = Release|Any CPU
		{B968ED98-19D1-497C-A80A-12DAE15480B6}.Release|Any CPU.Build.0 = Release|Any CPU
		{5E3DA608-1AE1-436C-A8B1-4ED92C469A46}.Debug|Any CPU.ActiveCfg = Debug|Any CPU
		{5E3DA608-1AE1-436C-A8B1-4ED92C469A46}.Debug|Any CPU.Build.0 = Debug|Any CPU
		{5E3DA608-1AE1-436C-A8B1-4ED92C469A46}.Release|Any CPU.ActiveCfg = Release|Any CPU
		{5E3DA608-1AE1-436C-A8B1-4ED92C469A46}.Release|Any CPU.Build.0 = Release|Any CPU
		{07169EA4-639B-4F86-9BFB-E79956B68095}.Debug|Any CPU.ActiveCfg = Debug|Any CPU
		{07169EA4-639B-4F86-9BFB-E79956B68095}.Debug|Any CPU.Build.0 = Debug|Any CPU
		{07169EA4-639B-4F86-9BFB-E79956B68095}.Release|Any CPU.ActiveCfg = Release|Any CPU
		{07169EA4-639B-4F86-9BFB-E79956B68095}.Release|Any CPU.Build.0 = Release|Any CPU
		{5EFB7F95-37D5-4B7C-B630-26558B1D0DE7}.Debug|Any CPU.ActiveCfg = Debug|Any CPU
		{5EFB7F95-37D5-4B7C-B630-26558B1D0DE7}.Debug|Any CPU.Build.0 = Debug|Any CPU
		{5EFB7F95-37D5-4B7C-B630-26558B1D0DE7}.Release|Any CPU.ActiveCfg = Release|Any CPU
		{5EFB7F95-37D5-4B7C-B630-26558B1D0DE7}.Release|Any CPU.Build.0 = Release|Any CPU
		{B66BD08F-DC27-4650-ADAF-2F6F65F38C22}.Debug|Any CPU.ActiveCfg = Debug|Any CPU
		{B66BD08F-DC27-4650-ADAF-2F6F65F38C22}.Debug|Any CPU.Build.0 = Debug|Any CPU
		{B66BD08F-DC27-4650-ADAF-2F6F65F38C22}.Release|Any CPU.ActiveCfg = Release|Any CPU
		{B66BD08F-DC27-4650-ADAF-2F6F65F38C22}.Release|Any CPU.Build.0 = Release|Any CPU
		{DEAC858D-E4F1-4CD5-9DF7-F2042E7E9B98}.Debug|Any CPU.ActiveCfg = Debug|Any CPU
		{DEAC858D-E4F1-4CD5-9DF7-F2042E7E9B98}.Debug|Any CPU.Build.0 = Debug|Any CPU
		{DEAC858D-E4F1-4CD5-9DF7-F2042E7E9B98}.Release|Any CPU.ActiveCfg = Release|Any CPU
		{DEAC858D-E4F1-4CD5-9DF7-F2042E7E9B98}.Release|Any CPU.Build.0 = Release|Any CPU
		{98DB4FA8-8EBA-469E-85E5-D52F0567DD13}.Debug|Any CPU.ActiveCfg = Debug|Any CPU
		{98DB4FA8-8EBA-469E-85E5-D52F0567DD13}.Debug|Any CPU.Build.0 = Debug|Any CPU
		{98DB4FA8-8EBA-469E-85E5-D52F0567DD13}.Release|Any CPU.ActiveCfg = Release|Any CPU
		{98DB4FA8-8EBA-469E-85E5-D52F0567DD13}.Release|Any CPU.Build.0 = Release|Any CPU
		{E92205C1-92D2-482C-AB8E-561FE3D02DBC}.Debug|Any CPU.ActiveCfg = Debug|Any CPU
		{E92205C1-92D2-482C-AB8E-561FE3D02DBC}.Debug|Any CPU.Build.0 = Debug|Any CPU
		{E92205C1-92D2-482C-AB8E-561FE3D02DBC}.Release|Any CPU.ActiveCfg = Release|Any CPU
		{E92205C1-92D2-482C-AB8E-561FE3D02DBC}.Release|Any CPU.Build.0 = Release|Any CPU
		{5B9B2EAC-2163-45AB-BFC0-FD103B8A1C62}.Debug|Any CPU.ActiveCfg = Debug|Any CPU
		{5B9B2EAC-2163-45AB-BFC0-FD103B8A1C62}.Debug|Any CPU.Build.0 = Debug|Any CPU
		{5B9B2EAC-2163-45AB-BFC0-FD103B8A1C62}.Release|Any CPU.ActiveCfg = Release|Any CPU
		{5B9B2EAC-2163-45AB-BFC0-FD103B8A1C62}.Release|Any CPU.Build.0 = Release|Any CPU
		{3E07A5F9-208A-422E-B19B-845CB0076450}.Debug|Any CPU.ActiveCfg = Debug|Any CPU
		{3E07A5F9-208A-422E-B19B-845CB0076450}.Debug|Any CPU.Build.0 = Debug|Any CPU
		{3E07A5F9-208A-422E-B19B-845CB0076450}.Release|Any CPU.ActiveCfg = Release|Any CPU
		{3E07A5F9-208A-422E-B19B-845CB0076450}.Release|Any CPU.Build.0 = Release|Any CPU
		{DDBCC7BB-2093-4061-BF7B-08968D1E4188}.Debug|Any CPU.ActiveCfg = Debug|Any CPU
		{DDBCC7BB-2093-4061-BF7B-08968D1E4188}.Debug|Any CPU.Build.0 = Debug|Any CPU
		{DDBCC7BB-2093-4061-BF7B-08968D1E4188}.Release|Any CPU.ActiveCfg = Release|Any CPU
		{DDBCC7BB-2093-4061-BF7B-08968D1E4188}.Release|Any CPU.Build.0 = Release|Any CPU
		{55932839-B2A8-4C47-9B60-E7D5B87541F3}.Debug|Any CPU.ActiveCfg = Debug|Any CPU
		{55932839-B2A8-4C47-9B60-E7D5B87541F3}.Debug|Any CPU.Build.0 = Debug|Any CPU
		{55932839-B2A8-4C47-9B60-E7D5B87541F3}.Release|Any CPU.ActiveCfg = Release|Any CPU
		{55932839-B2A8-4C47-9B60-E7D5B87541F3}.Release|Any CPU.Build.0 = Release|Any CPU
		{8F2F1B06-6EE2-4E5F-BC2C-D51132C31E52}.Debug|Any CPU.ActiveCfg = Debug|Any CPU
		{8F2F1B06-6EE2-4E5F-BC2C-D51132C31E52}.Debug|Any CPU.Build.0 = Debug|Any CPU
		{8F2F1B06-6EE2-4E5F-BC2C-D51132C31E52}.Release|Any CPU.ActiveCfg = Release|Any CPU
		{8F2F1B06-6EE2-4E5F-BC2C-D51132C31E52}.Release|Any CPU.Build.0 = Release|Any CPU
		{4E256C61-C6EA-4EFA-847C-8D87C4E133B4}.Debug|Any CPU.ActiveCfg = Debug|Any CPU
		{4E256C61-C6EA-4EFA-847C-8D87C4E133B4}.Debug|Any CPU.Build.0 = Debug|Any CPU
		{4E256C61-C6EA-4EFA-847C-8D87C4E133B4}.Release|Any CPU.ActiveCfg = Release|Any CPU
		{4E256C61-C6EA-4EFA-847C-8D87C4E133B4}.Release|Any CPU.Build.0 = Release|Any CPU
		{70CDF6C1-277B-4660-9558-B08F4C225435}.Debug|Any CPU.ActiveCfg = Debug|Any CPU
		{70CDF6C1-277B-4660-9558-B08F4C225435}.Debug|Any CPU.Build.0 = Debug|Any CPU
		{70CDF6C1-277B-4660-9558-B08F4C225435}.Release|Any CPU.ActiveCfg = Release|Any CPU
		{70CDF6C1-277B-4660-9558-B08F4C225435}.Release|Any CPU.Build.0 = Release|Any CPU
		{A8804D26-AFE7-4FBB-95D1-C356D8BA9CCC}.Debug|Any CPU.ActiveCfg = Debug|Any CPU
		{A8804D26-AFE7-4FBB-95D1-C356D8BA9CCC}.Debug|Any CPU.Build.0 = Debug|Any CPU
		{A8804D26-AFE7-4FBB-95D1-C356D8BA9CCC}.Release|Any CPU.ActiveCfg = Release|Any CPU
		{A8804D26-AFE7-4FBB-95D1-C356D8BA9CCC}.Release|Any CPU.Build.0 = Release|Any CPU
		{3BC3CB1E-4DE8-4A2A-B1C8-3EF29EDC0F04}.Debug|Any CPU.ActiveCfg = Debug|Any CPU
		{3BC3CB1E-4DE8-4A2A-B1C8-3EF29EDC0F04}.Debug|Any CPU.Build.0 = Debug|Any CPU
		{3BC3CB1E-4DE8-4A2A-B1C8-3EF29EDC0F04}.Release|Any CPU.ActiveCfg = Release|Any CPU
		{3BC3CB1E-4DE8-4A2A-B1C8-3EF29EDC0F04}.Release|Any CPU.Build.0 = Release|Any CPU
		{4A5EE882-755F-4E7F-9ED4-A126B33F6355}.Debug|Any CPU.ActiveCfg = Debug|Any CPU
		{4A5EE882-755F-4E7F-9ED4-A126B33F6355}.Debug|Any CPU.Build.0 = Debug|Any CPU
		{4A5EE882-755F-4E7F-9ED4-A126B33F6355}.Release|Any CPU.ActiveCfg = Release|Any CPU
		{4A5EE882-755F-4E7F-9ED4-A126B33F6355}.Release|Any CPU.Build.0 = Release|Any CPU
		{A2056273-7639-46CE-BD67-532B60B4A850}.Debug|Any CPU.ActiveCfg = Debug|Any CPU
		{A2056273-7639-46CE-BD67-532B60B4A850}.Debug|Any CPU.Build.0 = Debug|Any CPU
		{A2056273-7639-46CE-BD67-532B60B4A850}.Release|Any CPU.ActiveCfg = Release|Any CPU
		{A2056273-7639-46CE-BD67-532B60B4A850}.Release|Any CPU.Build.0 = Release|Any CPU
		{B3C93393-F582-4C5C-8A37-2E7095995BD5}.Debug|Any CPU.ActiveCfg = Debug|Any CPU
		{B3C93393-F582-4C5C-8A37-2E7095995BD5}.Debug|Any CPU.Build.0 = Debug|Any CPU
		{B3C93393-F582-4C5C-8A37-2E7095995BD5}.Release|Any CPU.ActiveCfg = Release|Any CPU
		{B3C93393-F582-4C5C-8A37-2E7095995BD5}.Release|Any CPU.Build.0 = Release|Any CPU
		{BE837253-69E9-4EA6-8378-064EC9D0F9F1}.Debug|Any CPU.ActiveCfg = Debug|Any CPU
		{BE837253-69E9-4EA6-8378-064EC9D0F9F1}.Debug|Any CPU.Build.0 = Debug|Any CPU
		{BE837253-69E9-4EA6-8378-064EC9D0F9F1}.Release|Any CPU.ActiveCfg = Release|Any CPU
		{BE837253-69E9-4EA6-8378-064EC9D0F9F1}.Release|Any CPU.Build.0 = Release|Any CPU
	EndGlobalSection
	GlobalSection(SolutionProperties) = preSolution
		HideSolutionNode = FALSE
	EndGlobalSection
	GlobalSection(NestedProjects) = preSolution
		{6C72ADF9-6D46-4210-8EBA-0EE29F304C93} = {52FB930A-6F2D-4C4B-93EA-AA4E7F028FE2}
		{086A5116-C486-4F53-9EA2-059DEEEF99DF} = {52FB930A-6F2D-4C4B-93EA-AA4E7F028FE2}
		{452CB31D-112C-46A5-B8D3-697A87269F49} = {56CB4125-853A-41AA-8694-FF5825ED38DC}
		{A125910D-AA21-4CF6-9E22-82C53139B37F} = {56CB4125-853A-41AA-8694-FF5825ED38DC}
		{21644B84-6364-42E3-B186-A38EDE6A76A3} = {452CB31D-112C-46A5-B8D3-697A87269F49}
		{08C5CBAD-C753-41E8-A7F1-FB9AE9840914} = {452CB31D-112C-46A5-B8D3-697A87269F49}
		{9DBE2A38-4874-4452-B455-63451B449F39} = {452CB31D-112C-46A5-B8D3-697A87269F49}
		{40E42D8E-9CAE-4455-B1FD-3A03BD4F6CA6} = {452CB31D-112C-46A5-B8D3-697A87269F49}
		{41E5AB47-06E2-45DA-B62A-99A180BF7172} = {452CB31D-112C-46A5-B8D3-697A87269F49}
		{5367AC82-5026-4F5C-B0D6-96E042A43F3A} = {452CB31D-112C-46A5-B8D3-697A87269F49}
		{61DDB43A-8404-4A70-9FFE-EB53CFD98D5B} = {452CB31D-112C-46A5-B8D3-697A87269F49}
		{B968ED98-19D1-497C-A80A-12DAE15480B6} = {452CB31D-112C-46A5-B8D3-697A87269F49}
		{5E3DA608-1AE1-436C-A8B1-4ED92C469A46} = {452CB31D-112C-46A5-B8D3-697A87269F49}
		{07169EA4-639B-4F86-9BFB-E79956B68095} = {452CB31D-112C-46A5-B8D3-697A87269F49}
		{5EFB7F95-37D5-4B7C-B630-26558B1D0DE7} = {A125910D-AA21-4CF6-9E22-82C53139B37F}
		{B66BD08F-DC27-4650-ADAF-2F6F65F38C22} = {A125910D-AA21-4CF6-9E22-82C53139B37F}
		{DEAC858D-E4F1-4CD5-9DF7-F2042E7E9B98} = {A125910D-AA21-4CF6-9E22-82C53139B37F}
		{98DB4FA8-8EBA-469E-85E5-D52F0567DD13} = {A125910D-AA21-4CF6-9E22-82C53139B37F}
		{E92205C1-92D2-482C-AB8E-561FE3D02DBC} = {A125910D-AA21-4CF6-9E22-82C53139B37F}
		{5B9B2EAC-2163-45AB-BFC0-FD103B8A1C62} = {A125910D-AA21-4CF6-9E22-82C53139B37F}
		{3E07A5F9-208A-422E-B19B-845CB0076450} = {A125910D-AA21-4CF6-9E22-82C53139B37F}
		{DDBCC7BB-2093-4061-BF7B-08968D1E4188} = {A125910D-AA21-4CF6-9E22-82C53139B37F}
		{55932839-B2A8-4C47-9B60-E7D5B87541F3} = {A125910D-AA21-4CF6-9E22-82C53139B37F}
		{8F2F1B06-6EE2-4E5F-BC2C-D51132C31E52} = {A125910D-AA21-4CF6-9E22-82C53139B37F}
		{4E256C61-C6EA-4EFA-847C-8D87C4E133B4} = {1F950019-9D7C-4350-9CC7-6A7BD5C6045F}
		{70CDF6C1-277B-4660-9558-B08F4C225435} = {1F950019-9D7C-4350-9CC7-6A7BD5C6045F}
		{A8804D26-AFE7-4FBB-95D1-C356D8BA9CCC} = {A125910D-AA21-4CF6-9E22-82C53139B37F}
		{3BC3CB1E-4DE8-4A2A-B1C8-3EF29EDC0F04} = {A125910D-AA21-4CF6-9E22-82C53139B37F}
		{4A5EE882-755F-4E7F-9ED4-A126B33F6355} = {452CB31D-112C-46A5-B8D3-697A87269F49}
		{A2056273-7639-46CE-BD67-532B60B4A850} = {A125910D-AA21-4CF6-9E22-82C53139B37F}
		{B3C93393-F582-4C5C-8A37-2E7095995BD5} = {452CB31D-112C-46A5-B8D3-697A87269F49}
		{BE837253-69E9-4EA6-8378-064EC9D0F9F1} = {A125910D-AA21-4CF6-9E22-82C53139B37F}
	EndGlobalSection
	GlobalSection(ExtensibilityGlobals) = postSolution
		SolutionGuid = {EC428FF9-D41F-4B93-A680-C95F4131E57C}
	EndGlobalSection
EndGlobal
